{
    "name": "homebridge-sky-tv",
    "version": "0.1.0",
    "lockfileVersion": 1,
    "requires": true,
    "dependencies": {
        "array-flatten": {
            "version": "2.1.2",
            "resolved": "https://registry.npmjs.org/array-flatten/-/array-flatten-2.1.2.tgz",
            "integrity": "sha512-hNfzcOV8W4NdualtqBFPyVO+54DSJuZGY9qT4pRroB6S9e3iiido2ISIC5h9R2sPJ8H3FHCIiEnsv1lPXO3KtQ==",
            "dev": true
        },
        "asn1": {
            "version": "0.1.11",
            "resolved": "https://registry.npmjs.org/asn1/-/asn1-0.1.11.tgz",
            "integrity": "sha1-VZvhg3bQik7E2+gId9J4GGObLfc=",
            "optional": true
        },
        "assert-plus": {
            "version": "0.1.5",
            "resolved": "https://registry.npmjs.org/assert-plus/-/assert-plus-0.1.5.tgz",
            "integrity": "sha1-7nQAlBMALYTOxyGcasgRgS5yMWA=",
            "optional": true
        },
        "async": {
            "version": "0.1.22",
            "resolved": "https://registry.npmjs.org/async/-/async-0.1.22.tgz",
            "integrity": "sha1-D8GqoIig4+8Ovi2IMbqw3PiEUGE="
        },
        "aws-sign2": {
            "version": "0.5.0",
            "resolved": "https://registry.npmjs.org/aws-sign2/-/aws-sign2-0.5.0.tgz",
            "integrity": "sha1-xXED96F/wDfwLXwuZLYC6iI/fWM=",
            "optional": true
        },
        "beanpoll": {
            "version": "0.2.19",
            "resolved": "https://registry.npmjs.org/beanpoll/-/beanpoll-0.2.19.tgz",
            "integrity": "sha1-/nZAs4kD2Rtc7fIW7H4wEEIkm9g=",
            "requires": {
                "comerr": "0.0.x",
                "crema": "<0.2.0",
                "disposable": "*",
                "dolce": "<0.2.0",
                "outcome": "<0.2.0",
                "underscore": "*"
            }
        },
        "bluebird": {
            "version": "2.11.0",
            "resolved": "https://registry.npmjs.org/bluebird/-/bluebird-2.11.0.tgz",
            "integrity": "sha1-U0uQM8AiyVecVro7Plpcqvu2UOE="
        },
        "bonjour-hap": {
            "version": "3.5.4",
            "resolved": "https://registry.npmjs.org/bonjour-hap/-/bonjour-hap-3.5.4.tgz",
            "integrity": "sha512-MgU27SEZYQ09Skm71Xa7SZoAg259V4IlAJNWaloFVMlYDn1OjJy3nkwSixRHnDzrcLWocVI84f9exI1ObZChBw==",
            "dev": true,
            "requires": {
                "array-flatten": "^2.1.0",
                "deep-equal": "^1.0.1",
                "dns-equal": "^1.0.0",
                "dns-txt": "^2.0.2",
                "multicast-dns": "^7.2.0",
                "multicast-dns-service-types": "^1.1.0"
            }
        },
        "boom": {
            "version": "0.4.2",
            "resolved": "https://registry.npmjs.org/boom/-/boom-0.4.2.tgz",
            "integrity": "sha1-emNune1O/O+xnO9JR6PGffrukRs=",
            "optional": true,
            "requires": {
                "hoek": "0.9.x"
            }
        },
        "buffer-indexof": {
            "version": "1.1.1",
            "resolved": "https://registry.npmjs.org/buffer-indexof/-/buffer-indexof-1.1.1.tgz",
            "integrity": "sha512-4/rOEg86jivtPTeOUUT61jJO1Ya1TrR/OkqCSZDyq84WJh3LuuiphBYJN+fm5xufIk4XAFcEwte/8WzC8If/1g==",
            "dev": true
        },
        "buffer-shims": {
            "version": "1.0.0",
            "resolved": "https://registry.npmjs.org/buffer-shims/-/buffer-shims-1.0.0.tgz",
            "integrity": "sha1-mXjOMXOIxkmth5MCjDR37wRKi1E=",
            "dev": true
        },
        "celeri": {
            "version": "0.3.4",
            "resolved": "https://registry.npmjs.org/celeri/-/celeri-0.3.4.tgz",
            "integrity": "sha1-94wjna7AxozUgWcov/iK3rbmBKs=",
            "requires": {
                "beanpoll": "0.2.x",
                "colors": "0.5.x",
                "crema": "0.1.x",
                "disposable": "0.0.x",
                "dsync": "0.0.x",
                "keypress": "0.1.x",
                "outcome": "0.0.x",
                "plugin": "0.3.x",
                "structr": "0.2.x",
                "tq": "0.0.x",
                "underscore": "1.2.x"
            },
            "dependencies": {
                "underscore": {
                    "version": "1.2.4",
                    "resolved": "https://registry.npmjs.org/underscore/-/underscore-1.2.4.tgz",
                    "integrity": "sha1-6NpiQaoG9k3yRzuyWQuMF8hMPH4="
                }
            }
        },
        "cli-table": {
            "version": "0.3.1",
            "resolved": "https://registry.npmjs.org/cli-table/-/cli-table-0.3.1.tgz",
            "integrity": "sha1-9TsFJmqLGguTSz0IIebi3FkUriM=",
            "requires": {
                "colors": "1.0.3"
            },
            "dependencies": {
                "colors": {
                    "version": "1.0.3",
                    "resolved": "https://registry.npmjs.org/colors/-/colors-1.0.3.tgz",
                    "integrity": "sha1-BDP0TYCWgP3rYO0mDxsMJi6CpAs="
                }
            }
        },
        "colors": {
            "version": "0.5.1",
            "resolved": "https://registry.npmjs.org/colors/-/colors-0.5.1.tgz",
            "integrity": "sha1-fQAj6usVTo7p/Oddy5I9DtFmd3Q="
        },
        "combined-stream": {
            "version": "0.0.7",
            "resolved": "https://registry.npmjs.org/combined-stream/-/combined-stream-0.0.7.tgz",
            "integrity": "sha1-ATfmV7qlp1QcV6w3rF/AfXO03B8=",
            "optional": true,
            "requires": {
                "delayed-stream": "0.0.5"
            }
        },
        "comerr": {
            "version": "0.0.9",
            "resolved": "https://registry.npmjs.org/comerr/-/comerr-0.0.9.tgz",
            "integrity": "sha1-C9+OP59gmegxP6HA+m4JMZmavOI="
        },
        "crema": {
            "version": "0.1.5",
            "resolved": "https://registry.npmjs.org/crema/-/crema-0.1.5.tgz",
            "integrity": "sha1-r8vAZDEW3klAFhJeMK/7x0/cvJw=",
            "requires": {
                "strscanner": "0.0.x"
            }
        },
        "cryptiles": {
            "version": "0.2.2",
            "resolved": "https://registry.npmjs.org/cryptiles/-/cryptiles-0.2.2.tgz",
            "integrity": "sha1-7ZH/HxetE9N0gohZT4pIoNJvMlw=",
            "optional": true,
            "requires": {
                "boom": "0.4.x"
            }
        },
        "ctype": {
            "version": "0.5.3",
            "resolved": "https://registry.npmjs.org/ctype/-/ctype-0.5.3.tgz",
            "integrity": "sha1-gsGMJGH3QRTvFsE1IkrQuRRMoS8=",
            "optional": true
        },
        "debug": {
            "version": "2.6.9",
            "resolved": "https://registry.npmjs.org/debug/-/debug-2.6.9.tgz",
            "integrity": "sha512-bC7ElrdJaJnPbAP+1EotYvqZsb3ecl5wi6Bfi6BJTUcNowp6cvspg0jXznRTKDjm/E7AdgFBVeAPVMNcKGsHMA==",
            "requires": {
                "ms": "2.0.0"
            }
        },
        "decimal.js": {
            "version": "7.5.1",
            "resolved": "https://registry.npmjs.org/decimal.js/-/decimal.js-7.5.1.tgz",
            "integrity": "sha512-1K5Y6MykxQYfHBcFfAj2uBaLmwreq4MsjsvrlgcEOvg+X82IeeXlIVIVkBMiypksu+yo9vcYP6lfU3qTedofSQ==",
            "dev": true
        },
        "deep-equal": {
            "version": "1.0.1",
            "resolved": "https://registry.npmjs.org/deep-equal/-/deep-equal-1.0.1.tgz",
            "integrity": "sha1-9dJgKStmDghO/0zbyfCK0yR0SLU=",
            "dev": true
        },
        "deep-extend": {
            "version": "0.2.11",
            "resolved": "https://registry.npmjs.org/deep-extend/-/deep-extend-0.2.11.tgz",
            "integrity": "sha1-eha6aXKRMjQFBhcElLyD9wdv4I8="
        },
        "delayed-stream": {
            "version": "0.0.5",
            "resolved": "https://registry.npmjs.org/delayed-stream/-/delayed-stream-0.0.5.tgz",
            "integrity": "sha1-1LH0OpPoKW3+AmlPRoC8N6MTxz8=",
            "optional": true
        },
        "disposable": {
            "version": "0.0.5",
            "resolved": "https://registry.npmjs.org/disposable/-/disposable-0.0.5.tgz",
            "integrity": "sha1-JydX/E+2/gqimr1YbrbdV/hHSvM="
        },
        "dns-equal": {
            "version": "1.0.0",
            "resolved": "https://registry.npmjs.org/dns-equal/-/dns-equal-1.0.0.tgz",
            "integrity": "sha1-s55/HabrCnW6nBcySzR1PEfgZU0=",
            "dev": true
        },
        "dns-packet": {
            "version": "4.2.0",
            "resolved": "https://registry.npmjs.org/dns-packet/-/dns-packet-4.2.0.tgz",
            "integrity": "sha512-bn1AKpfkFbm0MIioOMHZ5qJzl2uypdBwI4nYNsqvhjsegBhcKJUlCrMPWLx6JEezRjxZmxhtIz/FkBEur2l8Cw==",
            "dev": true,
            "requires": {
                "ip": "^1.1.5",
                "safe-buffer": "^5.1.1"
            },
            "dependencies": {
                "ip": {
                    "version": "1.1.5",
                    "resolved": "https://registry.npmjs.org/ip/-/ip-1.1.5.tgz",
                    "integrity": "sha1-vd7XARQpCCjAoDnnLvJfWq7ENUo=",
                    "dev": true
                }
            }
        },
        "dns-txt": {
            "version": "2.0.2",
            "resolved": "https://registry.npmjs.org/dns-txt/-/dns-txt-2.0.2.tgz",
            "integrity": "sha1-uR2Ab10nGI5Ks+fRB9iBocxGQrY=",
            "dev": true,
            "requires": {
                "buffer-indexof": "^1.0.0"
            }
        },
        "dolce": {
            "version": "0.0.14",
            "resolved": "https://registry.npmjs.org/dolce/-/dolce-0.0.14.tgz",
            "integrity": "sha1-UcSpHt7i4C2NJBwXUdLuF3TATck=",
            "requires": {
                "crema": "*",
                "sift": "*",
                "underscore": "1.2.x"
            },
            "dependencies": {
                "underscore": {
                    "version": "1.2.4",
                    "resolved": "https://registry.npmjs.org/underscore/-/underscore-1.2.4.tgz",
                    "integrity": "sha1-6NpiQaoG9k3yRzuyWQuMF8hMPH4="
                }
            }
        },
        "dref": {
            "version": "0.0.6",
            "resolved": "https://registry.npmjs.org/dref/-/dref-0.0.6.tgz",
            "integrity": "sha1-SOJllJNksDpBPLCdmXMo/P8rlmw=",
            "requires": {
                "dref": "0.0.x",
                "structr": "0.2.x",
                "type-component": "0.0.x"
            }
        },
        "dsync": {
            "version": "0.0.2",
            "resolved": "https://registry.npmjs.org/dsync/-/dsync-0.0.2.tgz",
            "integrity": "sha1-AAtTWHx9I53/ob8GsukgQGGiIMs=",
            "requires": {
                "deep-extend": "0.2.x",
                "dref": "0.0.x",
                "traverse": "*",
                "underscore": "1.4.x"
            },
            "dependencies": {
                "underscore": {
                    "version": "1.4.4",
                    "resolved": "https://registry.npmjs.org/underscore/-/underscore-1.4.4.tgz",
                    "integrity": "sha1-YaajIBBiKvoHljvzJSA88SI51gQ="
                }
            }
        },
        "fast-srp-hap": {
            "version": "1.0.1",
            "resolved": "https://registry.npmjs.org/fast-srp-hap/-/fast-srp-hap-1.0.1.tgz",
            "integrity": "sha1-N3Ek0Za8alFXquWze/X6NbtK0tk=",
            "dev": true
        },
        "forever-agent": {
            "version": "0.5.2",
            "resolved": "https://registry.npmjs.org/forever-agent/-/forever-agent-0.5.2.tgz",
            "integrity": "sha1-bQ4JxJIflKJ/Y9O0nF/v8epMUTA="
        },
        "form-data": {
            "version": "0.1.4",
            "resolved": "https://registry.npmjs.org/form-data/-/form-data-0.1.4.tgz",
            "integrity": "sha1-kavXiKupcCsaq/qLwBAxoqyeOxI=",
            "optional": true,
            "requires": {
                "async": "~0.9.0",
                "combined-stream": "~0.0.4",
                "mime": "~1.2.11"
            },
            "dependencies": {
                "async": {
                    "version": "0.9.2",
                    "resolved": "https://registry.npmjs.org/async/-/async-0.9.2.tgz",
                    "integrity": "sha1-rqdNXmHB+JlhO/ZL2mbUx48v0X0=",
                    "optional": true
                }
            }
        },
        "freeport": {
            "version": "1.0.5",
            "resolved": "https://registry.npmjs.org/freeport/-/freeport-1.0.5.tgz",
            "integrity": "sha1-JV6KuEFwwzuoXZkOghrl9KGpvF0="
        },
        "graceful-fs": {
            "version": "4.2.0",
            "resolved": "https://registry.npmjs.org/graceful-fs/-/graceful-fs-4.2.0.tgz",
            "integrity": "sha512-jpSvDPV4Cq/bgtpndIWbI5hmYxhQGHPC4d4cqBPb4DLniCfhJokdXhwhaDuLBGLQdvvRum/UiX6ECVIPvDXqdg==",
            "optional": true
        },
        "hap-nodejs": {
            "version": "0.4.53",
            "resolved": "https://registry.npmjs.org/hap-nodejs/-/hap-nodejs-0.4.53.tgz",
            "integrity": "sha512-6i7m/sugXm/6jP9fLaGUbOtmvxvzcYCfyZFK9dv6kLeavCJparlIn50g+6hc6ljxq0d7Q1mH+pawCPUEq4ZC8Q==",
            "dev": true,
            "requires": {
                "bonjour-hap": "^3.5.1",
                "buffer-shims": "^1.0.0",
                "debug": "^2.2.0",
                "decimal.js": "^7.2.3",
                "fast-srp-hap": "^1.0.1",
                "ip": "^1.1.3",
                "node-persist": "^0.0.11",
                "tweetnacl": "^1.0.1"
            },
            "dependencies": {
                "ip": {
                    "version": "1.1.5",
                    "resolved": "https://registry.npmjs.org/ip/-/ip-1.1.5.tgz",
                    "integrity": "sha1-vd7XARQpCCjAoDnnLvJfWq7ENUo=",
                    "dev": true
                }
            }
        },
        "hawk": {
            "version": "1.0.0",
            "resolved": "https://registry.npmjs.org/hawk/-/hawk-1.0.0.tgz",
            "integrity": "sha1-uQuxaYByhUEdp//LjdJZhQLTtS0=",
            "optional": true,
            "requires": {
                "boom": "0.4.x",
                "cryptiles": "0.2.x",
                "hoek": "0.9.x",
                "sntp": "0.2.x"
            }
        },
        "hoek": {
            "version": "0.9.1",
            "resolved": "https://registry.npmjs.org/hoek/-/hoek-0.9.1.tgz",
            "integrity": "sha1-PTIkYrrfB3Fup+uFuviAec3c5QU=",
            "optional": true
        },
        "http-signature": {
            "version": "0.10.1",
            "resolved": "https://registry.npmjs.org/http-signature/-/http-signature-0.10.1.tgz",
            "integrity": "sha1-T72sEyVZqoMjEh5UB3nAoBKyfmY=",
            "optional": true,
            "requires": {
                "asn1": "0.1.11",
                "assert-plus": "^0.1.5",
                "ctype": "0.5.3"
            }
        },
        "ip": {
            "version": "0.2.0",
            "resolved": "https://registry.npmjs.org/ip/-/ip-0.2.0.tgz",
            "integrity": "sha1-Qbv06UVhNGTJZyA0NHWDgRN1qIs="
        },
        "ip-regex": {
            "version": "2.1.0",
            "resolved": "https://registry.npmjs.org/ip-regex/-/ip-regex-2.1.0.tgz",
            "integrity": "sha1-+ni/XS5pE8kRzp+BnuUUa7bYROk=",
            "optional": true
        },
        "json-stringify-safe": {
            "version": "5.0.1",
            "resolved": "https://registry.npmjs.org/json-stringify-safe/-/json-stringify-safe-5.0.1.tgz",
            "integrity": "sha1-Epai1Y/UXxmg9s4B1lcB4sc1tus="
        },
        "jsonfile": {
            "version": "2.4.0",
            "resolved": "https://registry.npmjs.org/jsonfile/-/jsonfile-2.4.0.tgz",
            "integrity": "sha1-NzaitCi4e72gzIO1P6PWM6NcKug=",
            "requires": {
                "graceful-fs": "^4.1.6"
            }
        },
        "keypress": {
            "version": "0.1.0",
            "resolved": "https://registry.npmjs.org/keypress/-/keypress-0.1.0.tgz",
            "integrity": "sha1-SjGI1CkbZrT2XtuZ+AaqmuKTWSo="
        },
        "mime": {
            "version": "1.2.11",
            "resolved": "https://registry.npmjs.org/mime/-/mime-1.2.11.tgz",
            "integrity": "sha1-WCA+7Ybjpe8XrtK32evUfwpg3RA="
        },
        "minimist": {
            "version": "0.0.8",
            "resolved": "https://registry.npmjs.org/minimist/-/minimist-0.0.8.tgz",
            "integrity": "sha1-hX/Kv8M5fSYluCKCYuhqp6ARsF0="
        },
        "mkdirp": {
            "version": "0.0.7",
            "resolved": "https://registry.npmjs.org/mkdirp/-/mkdirp-0.0.7.tgz",
            "integrity": "sha1-2JtPDkw+XlylQjWTFnXglP4aUHI="
        },
        "moment": {
            "version": "2.24.0",
            "resolved": "https://registry.npmjs.org/moment/-/moment-2.24.0.tgz",
            "integrity": "sha512-bV7f+6l2QigeBBZSM/6yTNq4P2fNpSWj/0e7jQcy87A8e7o2nAfP/34/2ky5Vw4B9S446EtIhodAzkFCcR4dQg=="
        },
        "ms": {
            "version": "2.0.0",
            "resolved": "https://registry.npmjs.org/ms/-/ms-2.0.0.tgz",
            "integrity": "sha1-VgiurfwAvmwpAd9fmGF4jeDVl8g="
        },
        "multicast-dns": {
            "version": "7.2.0",
            "resolved": "https://registry.npmjs.org/multicast-dns/-/multicast-dns-7.2.0.tgz",
            "integrity": "sha512-Tu2QORGOFANB124NWQ/JTRhMf/ODouVLEuvu5Dz8YWEU55zQgRgFGnBHfIh5PbfNDAuaRl7yLB+pgWhSqVxi2Q==",
            "dev": true,
            "requires": {
                "dns-packet": "^4.0.0",
                "thunky": "^1.0.2"
            }
        },
        "multicast-dns-service-types": {
            "version": "1.1.0",
            "resolved": "https://registry.npmjs.org/multicast-dns-service-types/-/multicast-dns-service-types-1.1.0.tgz",
            "integrity": "sha1-iZ8R2WhuXgXLkbNdXw5jt3PPyQE=",
            "dev": true
        },
        "node-persist": {
            "version": "0.0.11",
            "resolved": "https://registry.npmjs.org/node-persist/-/node-persist-0.0.11.tgz",
            "integrity": "sha1-1m66Pr72IPB5Uw+nsTB2qQZmWHQ=",
            "requires": {
                "mkdirp": "~0.5.1",
                "q": "~1.1.1"
            },
            "dependencies": {
                "mkdirp": {
                    "version": "0.5.1",
                    "resolved": "https://registry.npmjs.org/mkdirp/-/mkdirp-0.5.1.tgz",
                    "integrity": "sha1-MAV0OOrGz3+MR2fzhkjWaX11yQM=",
                    "requires": {
                        "minimist": "0.0.8"
                    }
                }
            }
        },
        "node-ssdp": {
            "version": "2.9.1",
            "resolved": "https://registry.npmjs.org/node-ssdp/-/node-ssdp-2.9.1.tgz",
            "integrity": "sha1-LWuo5+/5v1szhWT5H3rF1c3dxVs=",
            "requires": {
                "debug": "^2.2.0",
                "ip": "^1.0.1"
            },
            "dependencies": {
                "ip": {
                    "version": "1.1.5",
                    "resolved": "https://registry.npmjs.org/ip/-/ip-1.1.5.tgz",
                    "integrity": "sha1-vd7XARQpCCjAoDnnLvJfWq7ENUo="
                }
            }
        },
        "node-uuid": {
            "version": "1.4.8",
            "resolved": "https://registry.npmjs.org/node-uuid/-/node-uuid-1.4.8.tgz",
            "integrity": "sha1-sEDrCSOWivq/jTL7HxfxFn/auQc="
        },
        "oauth-sign": {
            "version": "0.3.0",
            "resolved": "https://registry.npmjs.org/oauth-sign/-/oauth-sign-0.3.0.tgz",
            "integrity": "sha1-y1QPk7srIqfVlBaRoojWDo6pOG4=",
            "optional": true
        },
        "outcome": {
            "version": "0.0.18",
            "resolved": "https://registry.npmjs.org/outcome/-/outcome-0.0.18.tgz",
            "integrity": "sha1-encgIypLxWMcJ8qAcFtt3nU25js="
        },
        "plugin": {
            "version": "0.3.3",
            "resolved": "https://registry.npmjs.org/plugin/-/plugin-0.3.3.tgz",
            "integrity": "sha1-CRQKYk8XVNs6gzYRqYjKbkdO7uE=",
            "requires": {
                "async": "0.1.x",
                "dref": "0.0.x",
                "outcome": "0.0.x",
                "resolve": "0.2.x",
                "sift": "0.0.x",
                "step": "0.0.x",
                "structr": "0.2.x",
                "toarray": "0.0.x",
                "underscore": "1.4.x"
            },
            "dependencies": {
                "sift": {
                    "version": "0.0.18",
                    "resolved": "https://registry.npmjs.org/sift/-/sift-0.0.18.tgz",
                    "integrity": "sha1-HV85c14ktGVD2AbSdMgZf9ksVKQ="
                },
                "underscore": {
                    "version": "1.4.4",
                    "resolved": "https://registry.npmjs.org/underscore/-/underscore-1.4.4.tgz",
                    "integrity": "sha1-YaajIBBiKvoHljvzJSA88SI51gQ="
                }
            }
        },
        "portfinder": {
            "version": "0.2.1",
            "resolved": "https://registry.npmjs.org/portfinder/-/portfinder-0.2.1.tgz",
            "integrity": "sha1-srmwFk+eF/o6nH2yME0KdRQMca0=",
            "requires": {
                "mkdirp": "0.0.x"
            }
        },
        "pretty-data": {
            "version": "0.40.0",
            "resolved": "https://registry.npmjs.org/pretty-data/-/pretty-data-0.40.0.tgz",
            "integrity": "sha1-Vyqo6iNGdGerlLa1Jmpv2cj93XI="
        },
        "psl": {
            "version": "1.2.0",
            "resolved": "https://registry.npmjs.org/psl/-/psl-1.2.0.tgz",
            "integrity": "sha512-GEn74ZffufCmkDDLNcl3uuyF/aSD6exEyh1v/ZSdAomB82t6G9hzJVRx0jBmLDW+VfZqks3aScmMw9DszwUalA==",
            "optional": true
        },
        "punycode": {
            "version": "2.1.1",
            "resolved": "https://registry.npmjs.org/punycode/-/punycode-2.1.1.tgz",
            "integrity": "sha512-XRsRjdf+j5ml+y/6GKHPZbrF/8p2Yga0JPtdqTIY2Xe5ohJPD9saDJJLPvp9+NSBprVvevdXZybnj2cv8OEd0A==",
            "optional": true
        },
        "q": {
            "version": "1.1.2",
            "resolved": "https://registry.npmjs.org/q/-/q-1.1.2.tgz",
            "integrity": "sha1-Y1fikSBnAdmfGXq4TlforRlvKok="
        },
        "qs": {
            "version": "0.6.6",
            "resolved": "https://registry.npmjs.org/qs/-/qs-0.6.6.tgz",
            "integrity": "sha1-bgFQmP9RlouKPIGQAdXyyJvEsQc="
        },
        "request": {
            "version": "2.33.0",
            "resolved": "https://registry.npmjs.org/request/-/request-2.33.0.tgz",
            "integrity": "sha1-UWeHgTFyYHDsYzdS6iMKI3ncZf8=",
            "requires": {
                "aws-sign2": "~0.5.0",
                "forever-agent": "~0.5.0",
                "form-data": "~0.1.0",
                "hawk": "~1.0.0",
                "http-signature": "~0.10.0",
                "json-stringify-safe": "~5.0.0",
                "mime": "~1.2.9",
                "node-uuid": "~1.4.0",
                "oauth-sign": "~0.3.0",
                "qs": "~0.6.0",
                "tough-cookie": ">=0.12.0",
                "tunnel-agent": "~0.3.0"
            }
        },
        "resolve": {
            "version": "0.2.8",
            "resolved": "https://registry.npmjs.org/resolve/-/resolve-0.2.8.tgz",
            "integrity": "sha1-/bF9SrsOyvb4DWesA88pAIj2wNA="
        },
        "safe-buffer": {
            "version": "5.2.0",
            "resolved": "https://registry.npmjs.org/safe-buffer/-/safe-buffer-5.2.0.tgz",
            "integrity": "sha512-fZEwUGbVl7kouZs1jCdMLdt95hdIv0ZeHg6L7qPeciMZhZ+/gdesW4wgTARkrFWEpspjEATAzUGPG8N2jJiwbg==",
            "dev": true
        },
        "sax": {
            "version": "1.2.4",
            "resolved": "https://registry.npmjs.org/sax/-/sax-1.2.4.tgz",
            "integrity": "sha512-NqVDv9TpANUjFm0N8uM5GxL36UgKi9/atZw+x7YFnQ8ckwFGKrl4xX4yWtrey3UJm5nP1kUbnYgLopqWNSRhWw=="
        },
        "sift": {
            "version": "8.5.0",
            "resolved": "https://registry.npmjs.org/sift/-/sift-8.5.0.tgz",
            "integrity": "sha512-IdHwlvlDbHYmcPYOfkU89Qo29cPR7fLM0htfeUP9YxeU213oKYH/6d416z+vFj6ArCsH+AzQQ8/rd1TIzRE7LQ=="
        },
        "sky-plus-hd": {
            "version": "github:shauncampbell/sky-plus-hd#d0da0e315cbd166355a3faa104d1f3a71c465076",
            "from": "github:shauncampbell/sky-plus-hd#v1-dev",
            "requires": {
                "bluebird": "^2.9.27",
                "celeri": "~0.3.3",
                "cli-table": "^0.3.1",
                "freeport": "^1.0.4",
                "ip": "~0.2.0",
                "jsonfile": "^2.0.0",
                "moment": "^2.9.0",
                "node-ssdp": "^2.2.1",
                "portfinder": "~0.2.1",
                "pretty-data": "~0.40.0",
                "request": "~2.33.0",
                "underscore": "~1.5.2",
                "underscore.string": "~2.3.3",
                "xml": "0.0.12",
                "xml2js": "~0.4.1"
            }
        },
        "sky-remote": {
            "version": "github:dalhundal/sky-remote#80730a7caf5ef3c4b8af558c115b68a0ef710f16",
            "from": "github:dalhundal/sky-remote"
        },
        "sntp": {
            "version": "0.2.4",
            "resolved": "https://registry.npmjs.org/sntp/-/sntp-0.2.4.tgz",
            "integrity": "sha1-+4hfGLDzqtGJ+CSGJTa87ux1CQA=",
            "optional": true,
            "requires": {
                "hoek": "0.9.x"
            }
        },
        "step": {
            "version": "0.0.6",
            "resolved": "https://registry.npmjs.org/step/-/step-0.0.6.tgz",
            "integrity": "sha1-FD54SaXX0/SgiP4pr5SRUhbu7eI="
        },
        "strscanner": {
            "version": "0.0.8",
            "resolved": "https://registry.npmjs.org/strscanner/-/strscanner-0.0.8.tgz",
            "integrity": "sha1-UbZA5CkH7u1/bg88hhhjFgcJvaE="
        },
        "structr": {
            "version": "0.2.4",
            "resolved": "https://registry.npmjs.org/structr/-/structr-0.2.4.tgz",
            "integrity": "sha1-ihWqtQG8WTM/sdUpchvonxvD3JM="
        },
        "thunky": {
            "version": "1.0.3",
            "resolved": "https://registry.npmjs.org/thunky/-/thunky-1.0.3.tgz",
            "integrity": "sha512-YwT8pjmNcAXBZqrubu22P4FYsh2D4dxRmnWBOL8Jk8bUcRUtc5326kx32tuTmFDAZtLOGEVNl8POAR8j896Iow==",
            "dev": true
        },
        "toarray": {
            "version": "0.0.1",
            "resolved": "https://registry.npmjs.org/toarray/-/toarray-0.0.1.tgz",
            "integrity": "sha1-oRVDCoSkvpGydG9iueB8g6P7jEU="
        },
        "tough-cookie": {
            "version": "3.0.1",
            "resolved": "https://registry.npmjs.org/tough-cookie/-/tough-cookie-3.0.1.tgz",
            "integrity": "sha512-yQyJ0u4pZsv9D4clxO69OEjLWYw+jbgspjTue4lTQZLfV0c5l1VmK2y1JK8E9ahdpltPOaAThPcp5nKPUgSnsg==",
            "optional": true,
            "requires": {
                "ip-regex": "^2.1.0",
                "psl": "^1.1.28",
                "punycode": "^2.1.1"
            }
        },
        "tq": {
            "version": "0.0.4",
            "resolved": "https://registry.npmjs.org/tq/-/tq-0.0.4.tgz",
            "integrity": "sha1-M02bXqoskcLXoQnjw54uaaszCJc="
        },
        "traverse": {
            "version": "0.6.6",
            "resolved": "https://registry.npmjs.org/traverse/-/traverse-0.6.6.tgz",
            "integrity": "sha1-y99WD9e5r2MlAv7UD5GMFX6pcTc="
        },
        "tunnel-agent": {
            "version": "0.3.0",
            "resolved": "https://registry.npmjs.org/tunnel-agent/-/tunnel-agent-0.3.0.tgz",
            "integrity": "sha1-rWgbaPUyGtKCfEz7G31d8s/pQu4=",
            "optional": true
        },
        "tweetnacl": {
            "version": "1.0.1",
            "resolved": "https://registry.npmjs.org/tweetnacl/-/tweetnacl-1.0.1.tgz",
            "integrity": "sha512-kcoMoKTPYnoeS50tzoqjPY3Uv9axeuuFAZY9M/9zFnhoVvRfxz9K29IMPD7jGmt2c8SW7i3gT9WqDl2+nV7p4A==",
            "dev": true
        },
        "type-component": {
            "version": "0.0.1",
            "resolved": "https://registry.npmjs.org/type-component/-/type-component-0.0.1.tgz",
            "integrity": "sha1-lSpsgcIe/STRPYEdDISYy4YOGVY="
        },
        "underscore": {
            "version": "1.5.2",
            "resolved": "https://registry.npmjs.org/underscore/-/underscore-1.5.2.tgz",
            "integrity": "sha1-EzXF5PXm0zu7SwBrqMhqAPVW3gg="
        },
        "underscore.string": {
            "version": "2.3.3",
            "resolved": "https://registry.npmjs.org/underscore.string/-/underscore.string-2.3.3.tgz",
            "integrity": "sha1-ccCL9rQosRM/N+ePo6Icgvcymw0="
        },
        "xml": {
            "version": "0.0.12",
            "resolved": "https://registry.npmjs.org/xml/-/xml-0.0.12.tgz",
            "integrity": "sha1-8Is0cQmRK+AChXhfRvFa2OUKX2c="
        },
        "xml2js": {
            "version": "0.4.19",
            "resolved": "https://registry.npmjs.org/xml2js/-/xml2js-0.4.19.tgz",
            "integrity": "sha512-esZnJZJOiJR9wWKMyuvSE1y6Dq5LCuJanqhxslH2bxM6duahNZ+HMpCLhBQGZkbX6xRf8x1Y2eJlgt2q3qo49Q==",
            "requires": {
                "sax": ">=0.6.0",
                "xmlbuilder": "~9.0.1"
            }
        },
        "xmlbuilder": {
            "version": "9.0.7",
            "resolved": "https://registry.npmjs.org/xmlbuilder/-/xmlbuilder-9.0.7.tgz",
            "integrity": "sha1-Ey7mPS7FVlxVfiD0wi35rKaGsQ0="
        }
    }
}
